
Microsoft Visual Studio Solution File, Format Version 12.00
# Visual Studio Version 17
VisualStudioVersion = 17.4.33213.308
MinimumVisualStudioVersion = 10.0.40219.1
Project("{9A19103F-16F7-4668-BE54-9A1E7A4F7556}") = "vize1", "vize1\vize1.csproj", "{49528268-98E7-400D-817F-2F0822A44A05}"
EndProject
Project("{9A19103F-16F7-4668-BE54-9A1E7A4F7556}") = "vize2", "vize2\vize2.csproj", "{D42DD557-48E9-4FBC-B3DC-E694C2E96E21}"
EndProject
Project("{FAE04EC0-301F-11D3-BF4B-00C04F79EFBC}") = "vize3", "vize3\vize3.csproj", "{63AF4378-41F0-47B9-AAC2-35B81C110854}"
EndProject
Global
	GlobalSection(SolutionConfigurationPlatforms) = preSolution
		Debug|Any CPU = Debug|Any CPU
		Release|Any CPU = Release|Any CPU
	EndGlobalSection
	GlobalSection(ProjectConfigurationPlatforms) = postSolution
		{49528268-98E7-400D-817F-2F0822A44A05}.Debug|Any CPU.ActiveCfg = Debug|Any CPU
		{49528268-98E7-400D-817F-2F0822A44A05}.Debug|Any CPU.Build.0 = Debug|Any CPU
		{49528268-98E7-400D-817F-2F0822A44A05}.Release|Any CPU.ActiveCfg = Release|Any CPU
		{49528268-98E7-400D-817F-2F0822A44A05}.Release|Any CPU.Build.0 = Release|Any CPU
		{D42DD557-48E9-4FBC-B3DC-E694C2E96E21}.Debug|Any CPU.ActiveCfg = Debug|Any CPU
		{D42DD557-48E9-4FBC-B3DC-E694C2E96E21}.Debug|Any CPU.Build.0 = Debug|Any CPU
		{D42DD557-48E9-4FBC-B3DC-E694C2E96E21}.Release|Any CPU.ActiveCfg = Release|Any CPU
		{D42DD557-48E9-4FBC-B3DC-E694C2E96E21}.Release|Any CPU.Build.0 = Release|Any CPU
		{63AF4378-41F0-47B9-AAC2-35B81C110854}.Debug|Any CPU.ActiveCfg = Debug|Any CPU
		{63AF4378-41F0-47B9-AAC2-35B81C110854}.Debug|Any CPU.Build.0 = Debug|Any CPU
		{63AF4378-41F0-47B9-AAC2-35B81C110854}.Release|Any CPU.ActiveCfg = Release|Any CPU
		{63AF4378-41F0-47B9-AAC2-35B81C110854}.Release|Any CPU.Build.0 = Release|Any CPU
	EndGlobalSection
	GlobalSection(SolutionProperties) = preSolution
		HideSolutionNode = FALSE
	EndGlobalSection
	GlobalSection(ExtensibilityGlobals) = postSolution
		SolutionGuid = {63F04FC9-897E-4A7C-AFD7-39633E6241FC}
	EndGlobalSection
EndGlobal
